{
  "name": "@testing-lerna/component",
  "version": "0.0.2",
  "lockfileVersion": 2,
  "requires": true,
  "packages": {
    "": {
      "name": "@testing-lerna/component",
      "version": "0.0.2",
      "license": "ISC",
      "dependencies": {
        "root": "github:ContrerasJoel/lerna-1"
      }
    },
    "node_modules/root": {
      "resolved": "git+ssh://git@github.com/ContrerasJoel/lerna-1.git#725cba6da45ac6a6dd26210af5010a9c9bd6bd3d"
    }
  },
  "dependencies": {
    "root": {
      "version": "git+ssh://git@github.com/ContrerasJoel/lerna-1.git#725cba6da45ac6a6dd26210af5010a9c9bd6bd3d",
      "from": "root@github:ContrerasJoel/lerna-1"
    }
  }
}
